{
  "name": "ts-demo",
  "lockfileVersion": 2,
  "requires": true,
  "packages": {
    "": {
      "devDependencies": {
        "vue": "^2.6.12"
      }
    },
    "node_modules/vue": {
      "version": "2.6.12",
      "resolved": "http://r.npm.sankuai.com/vue/download/vue-2.6.12.tgz",
      "integrity": "sha1-9evU+mvShpQD4pqJau1JBEVskSM=",
      "dev": true,
      "license": "MIT"
    }
  },
  "dependencies": {
    "vue": {
      "version": "2.6.12",
      "resolved": "http://r.npm.sankuai.com/vue/download/vue-2.6.12.tgz",
      "integrity": "sha1-9evU+mvShpQD4pqJau1JBEVskSM=",
      "dev": true
    }
  }
}
